
Microsoft Visual Studio Solution File, Format Version 12.00
Project("{FAE04EC0-301F-11D3-BF4B-00C04F79EFBC}") = "GitHubActions", "GitHubActions\GitHubActions.csproj", "{2155399D-5F4F-49FD-A284-D05CF04EC7BD}"
EndProject
Project("{FAE04EC0-301F-11D3-BF4B-00C04F79EFBC}") = "GitHubActions.Tests", "GitHubActions.Tests\GitHubActions.Tests.csproj", "{F7BB16B8-D435-4B03-81B6-89EB345E4401}"
EndProject
Global
	GlobalSection(SolutionConfigurationPlatforms) = preSolution
		Debug|Any CPU = Debug|Any CPU
		Release|Any CPU = Release|Any CPU
	EndGlobalSection
	GlobalSection(ProjectConfigurationPlatforms) = postSolution
		{2155399D-5F4F-49FD-A284-D05CF04EC7BD}.Debug|Any CPU.ActiveCfg = Debug|Any CPU
		{2155399D-5F4F-49FD-A284-D05CF04EC7BD}.Debug|Any CPU.Build.0 = Debug|Any CPU
		{2155399D-5F4F-49FD-A284-D05CF04EC7BD}.Release|Any CPU.ActiveCfg = Release|Any CPU
		{2155399D-5F4F-49FD-A284-D05CF04EC7BD}.Release|Any CPU.Build.0 = Release|Any CPU
		{F7BB16B8-D435-4B03-81B6-89EB345E4401}.Debug|Any CPU.ActiveCfg = Debug|Any CPU
		{F7BB16B8-D435-4B03-81B6-89EB345E4401}.Debug|Any CPU.Build.0 = Debug|Any CPU
		{F7BB16B8-D435-4B03-81B6-89EB345E4401}.Release|Any CPU.ActiveCfg = Release|Any CPU
		{F7BB16B8-D435-4B03-81B6-89EB345E4401}.Release|Any CPU.Build.0 = Release|Any CPU
	EndGlobalSection
EndGlobal
